
Microsoft Visual Studio Solution File, Format Version 12.00
# Visual Studio Version 17
VisualStudioVersion = 17.1.32421.90
MinimumVisualStudioVersion = 10.0.40219.1
Project("{9A19103F-16F7-4668-BE54-9A1E7A4F7556}") = "Summator", "Summator\Summator.csproj", "{582C0A88-F2F2-49F7-9EE8-695A2D1B3EBB}"
EndProject
Project("{FAE04EC0-301F-11D3-BF4B-00C04F79EFBC}") = "Summator.Test", "Summator.Test\Summator.Test.csproj", "{352DFBB3-A2B5-473F-AC45-7A40BEE09D56}"
EndProject
Global
	GlobalSection(SolutionConfigurationPlatforms) = preSolution
		Debug|Any CPU = Debug|Any CPU
		Release|Any CPU = Release|Any CPU
	EndGlobalSection
	GlobalSection(ProjectConfigurationPlatforms) = postSolution
		{582C0A88-F2F2-49F7-9EE8-695A2D1B3EBB}.Debug|Any CPU.ActiveCfg = Debug|Any CPU
		{582C0A88-F2F2-49F7-9EE8-695A2D1B3EBB}.Debug|Any CPU.Build.0 = Debug|Any CPU
		{582C0A88-F2F2-49F7-9EE8-695A2D1B3EBB}.Release|Any CPU.ActiveCfg = Release|Any CPU
		{582C0A88-F2F2-49F7-9EE8-695A2D1B3EBB}.Release|Any CPU.Build.0 = Release|Any CPU
		{352DFBB3-A2B5-473F-AC45-7A40BEE09D56}.Debug|Any CPU.ActiveCfg = Debug|Any CPU
		{352DFBB3-A2B5-473F-AC45-7A40BEE09D56}.Debug|Any CPU.Build.0 = Debug|Any CPU
		{352DFBB3-A2B5-473F-AC45-7A40BEE09D56}.Release|Any CPU.ActiveCfg = Release|Any CPU
		{352DFBB3-A2B5-473F-AC45-7A40BEE09D56}.Release|Any CPU.Build.0 = Release|Any CPU
	EndGlobalSection
	GlobalSection(SolutionProperties) = preSolution
		HideSolutionNode = FALSE
	EndGlobalSection
	GlobalSection(ExtensibilityGlobals) = postSolution
		SolutionGuid = {E965D6C4-7045-41D4-A9D6-6CCCFDC76146}
	EndGlobalSection
EndGlobal
